// !$*UTF8*$!
{
	archiveVersion = 1;
	classes = {
	};
	objectVersion = 50;
	objects = {

/* Begin PBXBuildFile section */
		ED2659D124867D25003A882D /* Product.swift in Sources */ = {isa = PBXBuildFile; fileRef = ED2659D024867D25003A882D /* Product.swift */; };
		ED2659D52486800B003A882D /* UIHelper.swift in Sources */ = {isa = PBXBuildFile; fileRef = ED2659D42486800B003A882D /* UIHelper.swift */; };
		ED2659DA24868103003A882D /* ProductCollectionViewCell.swift in Sources */ = {isa = PBXBuildFile; fileRef = ED2659D824868103003A882D /* ProductCollectionViewCell.swift */; };
		ED2659DE24868383003A882D /* LLTitleLabel.swift in Sources */ = {isa = PBXBuildFile; fileRef = ED2659DD24868383003A882D /* LLTitleLabel.swift */; };
		ED2659E124869967003A882D /* Networker.swift in Sources */ = {isa = PBXBuildFile; fileRef = ED2659E024869967003A882D /* Networker.swift */; };
		ED2659E3248699FA003A882D /* NetworkManager.swift in Sources */ = {isa = PBXBuildFile; fileRef = ED2659E2248699FA003A882D /* NetworkManager.swift */; };
		ED2659E62486A1F9003A882D /* UIImageView+Ext.swift in Sources */ = {isa = PBXBuildFile; fileRef = ED2659E52486A1F9003A882D /* UIImageView+Ext.swift */; };
		ED2659E92486A522003A882D /* ProductImage.swift in Sources */ = {isa = PBXBuildFile; fileRef = ED2659E82486A522003A882D /* ProductImage.swift */; };
		ED2659ED2486B694003A882D /* ProductDetailsVC.swift in Sources */ = {isa = PBXBuildFile; fileRef = ED2659EC2486B694003A882D /* ProductDetailsVC.swift */; };
		ED2659F22487AB71003A882D /* LLBodyLabel.swift in Sources */ = {isa = PBXBuildFile; fileRef = ED2659F12487AB71003A882D /* LLBodyLabel.swift */; };
		ED2659F42487C2FB003A882D /* ShippingOptions.swift in Sources */ = {isa = PBXBuildFile; fileRef = ED2659F32487C2FB003A882D /* ShippingOptions.swift */; };
		ED2659F72487C5A1003A882D /* RadioButton.swift in Sources */ = {isa = PBXBuildFile; fileRef = ED2659F62487C5A1003A882D /* RadioButton.swift */; };
		ED2659F92487F787003A882D /* LLButton.swift in Sources */ = {isa = PBXBuildFile; fileRef = ED2659F82487F787003A882D /* LLButton.swift */; };
		EDF55CA724865B6D003A023C /* AppDelegate.swift in Sources */ = {isa = PBXBuildFile; fileRef = EDF55CA624865B6D003A023C /* AppDelegate.swift */; };
		EDF55CA924865B6D003A023C /* SceneDelegate.swift in Sources */ = {isa = PBXBuildFile; fileRef = EDF55CA824865B6D003A023C /* SceneDelegate.swift */; };
		EDF55CB024865B71003A023C /* Assets.xcassets in Resources */ = {isa = PBXBuildFile; fileRef = EDF55CAF24865B71003A023C /* Assets.xcassets */; };
		EDF55CB324865B71003A023C /* LaunchScreen.storyboard in Resources */ = {isa = PBXBuildFile; fileRef = EDF55CB124865B71003A023C /* LaunchScreen.storyboard */; };
		EDF55CBB24865E61003A023C /* ProductsViewController.swift in Sources */ = {isa = PBXBuildFile; fileRef = EDF55CBA24865E61003A023C /* ProductsViewController.swift */; };
		EDF55CBD24866008003A023C /* LLConstants.swift in Sources */ = {isa = PBXBuildFile; fileRef = EDF55CBC24866008003A023C /* LLConstants.swift */; };
		EDF55CBF24866143003A023C /* CartViewController.swift in Sources */ = {isa = PBXBuildFile; fileRef = EDF55CBE24866143003A023C /* CartViewController.swift */; };
/* End PBXBuildFile section */

/* Begin PBXFileReference section */
		ED2659D024867D25003A882D /* Product.swift */ = {isa = PBXFileReference; lastKnownFileType = sourcecode.swift; path = Product.swift; sourceTree = "<group>"; };
		ED2659D42486800B003A882D /* UIHelper.swift */ = {isa = PBXFileReference; lastKnownFileType = sourcecode.swift; path = UIHelper.swift; sourceTree = "<group>"; };
		ED2659D824868103003A882D /* ProductCollectionViewCell.swift */ = {isa = PBXFileReference; lastKnownFileType = sourcecode.swift; path = ProductCollectionViewCell.swift; sourceTree = "<group>"; };
		ED2659DD24868383003A882D /* LLTitleLabel.swift */ = {isa = PBXFileReference; lastKnownFileType = sourcecode.swift; path = LLTitleLabel.swift; sourceTree = "<group>"; };
		ED2659E024869967003A882D /* Networker.swift */ = {isa = PBXFileReference; lastKnownFileType = sourcecode.swift; path = Networker.swift; sourceTree = "<group>"; };
		ED2659E2248699FA003A882D /* NetworkManager.swift */ = {isa = PBXFileReference; lastKnownFileType = sourcecode.swift; path = NetworkManager.swift; sourceTree = "<group>"; };
		ED2659E52486A1F9003A882D /* UIImageView+Ext.swift */ = {isa = PBXFileReference; lastKnownFileType = sourcecode.swift; path = "UIImageView+Ext.swift"; sourceTree = "<group>"; };
		ED2659E82486A522003A882D /* ProductImage.swift */ = {isa = PBXFileReference; lastKnownFileType = sourcecode.swift; path = ProductImage.swift; sourceTree = "<group>"; };
		ED2659EC2486B694003A882D /* ProductDetailsVC.swift */ = {isa = PBXFileReference; lastKnownFileType = sourcecode.swift; path = ProductDetailsVC.swift; sourceTree = "<group>"; };
		ED2659F12487AB71003A882D /* LLBodyLabel.swift */ = {isa = PBXFileReference; lastKnownFileType = sourcecode.swift; path = LLBodyLabel.swift; sourceTree = "<group>"; };
		ED2659F32487C2FB003A882D /* ShippingOptions.swift */ = {isa = PBXFileReference; lastKnownFileType = sourcecode.swift; path = ShippingOptions.swift; sourceTree = "<group>"; };
		ED2659F62487C5A1003A882D /* RadioButton.swift */ = {isa = PBXFileReference; lastKnownFileType = sourcecode.swift; path = RadioButton.swift; sourceTree = "<group>"; };
		ED2659F82487F787003A882D /* LLButton.swift */ = {isa = PBXFileReference; lastKnownFileType = sourcecode.swift; path = LLButton.swift; sourceTree = "<group>"; };
		EDF55CA324865B6D003A023C /* StoreApp-Stripe-Integration.app */ = {isa = PBXFileReference; explicitFileType = wrapper.application; includeInIndex = 0; path = "StoreApp-Stripe-Integration.app"; sourceTree = BUILT_PRODUCTS_DIR; };
		EDF55CA624865B6D003A023C /* AppDelegate.swift */ = {isa = PBXFileReference; lastKnownFileType = sourcecode.swift; path = AppDelegate.swift; sourceTree = "<group>"; };
		EDF55CA824865B6D003A023C /* SceneDelegate.swift */ = {isa = PBXFileReference; lastKnownFileType = sourcecode.swift; path = SceneDelegate.swift; sourceTree = "<group>"; };
		EDF55CAF24865B71003A023C /* Assets.xcassets */ = {isa = PBXFileReference; lastKnownFileType = folder.assetcatalog; path = Assets.xcassets; sourceTree = "<group>"; };
		EDF55CB224865B71003A023C /* Base */ = {isa = PBXFileReference; lastKnownFileType = file.storyboard; name = Base; path = Base.lproj/LaunchScreen.storyboard; sourceTree = "<group>"; };
		EDF55CB424865B71003A023C /* Info.plist */ = {isa = PBXFileReference; lastKnownFileType = text.plist.xml; path = Info.plist; sourceTree = "<group>"; };
		EDF55CBA24865E61003A023C /* ProductsViewController.swift */ = {isa = PBXFileReference; lastKnownFileType = sourcecode.swift; path = ProductsViewController.swift; sourceTree = "<group>"; };
		EDF55CBC24866008003A023C /* LLConstants.swift */ = {isa = PBXFileReference; lastKnownFileType = sourcecode.swift; path = LLConstants.swift; sourceTree = "<group>"; };
		EDF55CBE24866143003A023C /* CartViewController.swift */ = {isa = PBXFileReference; lastKnownFileType = sourcecode.swift; path = CartViewController.swift; sourceTree = "<group>"; };
/* End PBXFileReference section */

/* Begin PBXFrameworksBuildPhase section */
		EDF55CA024865B6D003A023C /* Frameworks */ = {
			isa = PBXFrameworksBuildPhase;
			buildActionMask = 2147483647;
			files = (
			);
			runOnlyForDeploymentPostprocessing = 0;
		};
/* End PBXFrameworksBuildPhase section */

/* Begin PBXGroup section */
		ED2659CF24867D15003A882D /* Model */ = {
			isa = PBXGroup;
			children = (
				EDF55CBC24866008003A023C /* LLConstants.swift */,
				ED2659D024867D25003A882D /* Product.swift */,
				ED2659F32487C2FB003A882D /* ShippingOptions.swift */,
			);
			path = Model;
			sourceTree = "<group>";
		};
		ED2659D224867FFB003A882D /* Common */ = {
			isa = PBXGroup;
			children = (
				ED2659E42486A1E9003A882D /* Extensions */,
				ED2659DF24869958003A882D /* Services */,
				ED2659D324868001003A882D /* Utilities */,
			);
			path = Common;
			sourceTree = "<group>";
		};
		ED2659D324868001003A882D /* Utilities */ = {
			isa = PBXGroup;
			children = (
				ED2659D42486800B003A882D /* UIHelper.swift */,
			);
			path = Utilities;
			sourceTree = "<group>";
		};
		ED2659D6248680E1003A882D /* Custom Views */ = {
			isa = PBXGroup;
			children = (
				ED2659F52487C574003A882D /* UIButtons */,
				ED2659E72486A506003A882D /* UIImageView */,
				ED2659DC24868357003A882D /* Labels */,
				ED2659D7248680E7003A882D /* Cells */,
			);
			path = "Custom Views";
			sourceTree = "<group>";
		};
		ED2659D7248680E7003A882D /* Cells */ = {
			isa = PBXGroup;
			children = (
				ED2659D824868103003A882D /* ProductCollectionViewCell.swift */,
			);
			path = Cells;
			sourceTree = "<group>";
		};
		ED2659DC24868357003A882D /* Labels */ = {
			isa = PBXGroup;
			children = (
				ED2659DD24868383003A882D /* LLTitleLabel.swift */,
				ED2659F12487AB71003A882D /* LLBodyLabel.swift */,
			);
			path = Labels;
			sourceTree = "<group>";
		};
		ED2659DF24869958003A882D /* Services */ = {
			isa = PBXGroup;
			children = (
				ED2659E024869967003A882D /* Networker.swift */,
				ED2659E2248699FA003A882D /* NetworkManager.swift */,
			);
			path = Services;
			sourceTree = "<group>";
		};
		ED2659E42486A1E9003A882D /* Extensions */ = {
			isa = PBXGroup;
			children = (
				ED2659E52486A1F9003A882D /* UIImageView+Ext.swift */,
			);
			path = Extensions;
			sourceTree = "<group>";
		};
		ED2659E72486A506003A882D /* UIImageView */ = {
			isa = PBXGroup;
			children = (
				ED2659E82486A522003A882D /* ProductImage.swift */,
			);
			path = UIImageView;
			sourceTree = "<group>";
		};
		ED2659EE2486B782003A882D /* App Lifecycle */ = {
			isa = PBXGroup;
			children = (
				EDF55CA624865B6D003A023C /* AppDelegate.swift */,
				EDF55CA824865B6D003A023C /* SceneDelegate.swift */,
			);
			path = "App Lifecycle";
			sourceTree = "<group>";
		};
		ED2659EF2486B79C003A882D /* Resources */ = {
			isa = PBXGroup;
			children = (
				EDF55CB124865B71003A023C /* LaunchScreen.storyboard */,
				EDF55CAF24865B71003A023C /* Assets.xcassets */,
			);
			path = Resources;
			sourceTree = "<group>";
		};
		ED2659F02486B7A7003A882D /* Screens */ = {
			isa = PBXGroup;
			children = (
				EDF55CBA24865E61003A023C /* ProductsViewController.swift */,
				EDF55CBE24866143003A023C /* CartViewController.swift */,
				ED2659EC2486B694003A882D /* ProductDetailsVC.swift */,
			);
			path = Screens;
			sourceTree = "<group>";
		};
		ED2659F52487C574003A882D /* UIButtons */ = {
			isa = PBXGroup;
			children = (
				ED2659F62487C5A1003A882D /* RadioButton.swift */,
				ED2659F82487F787003A882D /* LLButton.swift */,
			);
			path = UIButtons;
			sourceTree = "<group>";
		};
		EDF55C9A24865B6D003A023C = {
			isa = PBXGroup;
			children = (
				EDF55CA524865B6D003A023C /* StoreApp-Stripe-Integration */,
				EDF55CA424865B6D003A023C /* Products */,
			);
			sourceTree = "<group>";
		};
		EDF55CA424865B6D003A023C /* Products */ = {
			isa = PBXGroup;
			children = (
				EDF55CA324865B6D003A023C /* StoreApp-Stripe-Integration.app */,
			);
			name = Products;
			sourceTree = "<group>";
		};
		EDF55CA524865B6D003A023C /* StoreApp-Stripe-Integration */ = {
			isa = PBXGroup;
			children = (
				ED2659EE2486B782003A882D /* App Lifecycle */,
				ED2659D6248680E1003A882D /* Custom Views */,
				ED2659D224867FFB003A882D /* Common */,
				ED2659CF24867D15003A882D /* Model */,
				ED2659EF2486B79C003A882D /* Resources */,
				ED2659F02486B7A7003A882D /* Screens */,
				EDF55CB424865B71003A023C /* Info.plist */,
			);
			path = "StoreApp-Stripe-Integration";
			sourceTree = "<group>";
		};
/* End PBXGroup section */

/* Begin PBXNativeTarget section */
		EDF55CA224865B6D003A023C /* StoreApp-Stripe-Integration */ = {
			isa = PBXNativeTarget;
			buildConfigurationList = EDF55CB724865B71003A023C /* Build configuration list for PBXNativeTarget "StoreApp-Stripe-Integration" */;
			buildPhases = (
				EDF55C9F24865B6D003A023C /* Sources */,
				EDF55CA024865B6D003A023C /* Frameworks */,
				EDF55CA124865B6D003A023C /* Resources */,
			);
			buildRules = (
			);
			dependencies = (
			);
			name = "StoreApp-Stripe-Integration";
			productName = "StoreApp-Stripe-Integration";
			productReference = EDF55CA324865B6D003A023C /* StoreApp-Stripe-Integration.app */;
			productType = "com.apple.product-type.application";
		};
/* End PBXNativeTarget section */

/* Begin PBXProject section */
		EDF55C9B24865B6D003A023C /* Project object */ = {
			isa = PBXProject;
			attributes = {
				LastSwiftUpdateCheck = 1140;
				LastUpgradeCheck = 1140;
				ORGANIZATIONNAME = "Leo Leljak";
				TargetAttributes = {
					EDF55CA224865B6D003A023C = {
						CreatedOnToolsVersion = 11.4;
					};
				};
			};
			buildConfigurationList = EDF55C9E24865B6D003A023C /* Build configuration list for PBXProject "StoreApp-Stripe-Integration" */;
			compatibilityVersion = "Xcode 9.3";
			developmentRegion = en;
			hasScannedForEncodings = 0;
			knownRegions = (
				en,
				Base,
			);
			mainGroup = EDF55C9A24865B6D003A023C;
			productRefGroup = EDF55CA424865B6D003A023C /* Products */;
			projectDirPath = "";
			projectRoot = "";
			targets = (
				EDF55CA224865B6D003A023C /* StoreApp-Stripe-Integration */,
			);
		};
/* End PBXProject section */

/* Begin PBXResourcesBuildPhase section */
		EDF55CA124865B6D003A023C /* Resources */ = {
			isa = PBXResourcesBuildPhase;
			buildActionMask = 2147483647;
			files = (
				EDF55CB324865B71003A023C /* LaunchScreen.storyboard in Resources */,
				EDF55CB024865B71003A023C /* Assets.xcassets in Resources */,
			);
			runOnlyForDeploymentPostprocessing = 0;
		};
/* End PBXResourcesBuildPhase section */

/* Begin PBXSourcesBuildPhase section */
		EDF55C9F24865B6D003A023C /* Sources */ = {
			isa = PBXSourcesBuildPhase;
			buildActionMask = 2147483647;
			files = (
				ED2659E3248699FA003A882D /* NetworkManager.swift in Sources */,
				ED2659ED2486B694003A882D /* ProductDetailsVC.swift in Sources */,
				EDF55CA724865B6D003A023C /* AppDelegate.swift in Sources */,
				EDF55CBD24866008003A023C /* LLConstants.swift in Sources */,
				EDF55CBB24865E61003A023C /* ProductsViewController.swift in Sources */,
				ED2659E124869967003A882D /* Networker.swift in Sources */,
				EDF55CBF24866143003A023C /* CartViewController.swift in Sources */,
				ED2659F92487F787003A882D /* LLButton.swift in Sources */,
				EDF55CA924865B6D003A023C /* SceneDelegate.swift in Sources */,
				ED2659F22487AB71003A882D /* LLBodyLabel.swift in Sources */,
				ED2659E62486A1F9003A882D /* UIImageView+Ext.swift in Sources */,
				ED2659F72487C5A1003A882D /* RadioButton.swift in Sources */,
				ED2659D124867D25003A882D /* Product.swift in Sources */,
				ED2659DE24868383003A882D /* LLTitleLabel.swift in Sources */,
				ED2659DA24868103003A882D /* ProductCollectionViewCell.swift in Sources */,
				ED2659D52486800B003A882D /* UIHelper.swift in Sources */,
				ED2659F42487C2FB003A882D /* ShippingOptions.swift in Sources */,
				ED2659E92486A522003A882D /* ProductImage.swift in Sources */,
			);
			runOnlyForDeploymentPostprocessing = 0;
		};
/* End PBXSourcesBuildPhase section */

/* Begin PBXVariantGroup section */
		EDF55CB124865B71003A023C /* LaunchScreen.storyboard */ = {
			isa = PBXVariantGroup;
			children = (
				EDF55CB224865B71003A023C /* Base */,
			);
			name = LaunchScreen.storyboard;
			sourceTree = "<group>";
		};
/* End PBXVariantGroup section */

/* Begin XCBuildConfiguration section */
		EDF55CB524865B71003A023C /* Debug */ = {
			isa = XCBuildConfiguration;
			buildSettings = {
				ALWAYS_SEARCH_USER_PATHS = NO;
				CLANG_ANALYZER_NONNULL = YES;
				CLANG_ANALYZER_NUMBER_OBJECT_CONVERSION = YES_AGGRESSIVE;
				CLANG_CXX_LANGUAGE_STANDARD = "gnu++14";
				CLANG_CXX_LIBRARY = "libc++";
				CLANG_ENABLE_MODULES = YES;
				CLANG_ENABLE_OBJC_ARC = YES;
				CLANG_ENABLE_OBJC_WEAK = YES;
				CLANG_WARN_BLOCK_CAPTURE_AUTORELEASING = YES;
				CLANG_WARN_BOOL_CONVERSION = YES;
				CLANG_WARN_COMMA = YES;
				CLANG_WARN_CONSTANT_CONVERSION = YES;
				CLANG_WARN_DEPRECATED_OBJC_IMPLEMENTATIONS = YES;
				CLANG_WARN_DIRECT_OBJC_ISA_USAGE = YES_ERROR;
				CLANG_WARN_DOCUMENTATION_COMMENTS = YES;
				CLANG_WARN_EMPTY_BODY = YES;
				CLANG_WARN_ENUM_CONVERSION = YES;
				CLANG_WARN_INFINITE_RECURSION = YES;
				CLANG_WARN_INT_CONVERSION = YES;
				CLANG_WARN_NON_LITERAL_NULL_CONVERSION = YES;
				CLANG_WARN_OBJC_IMPLICIT_RETAIN_SELF = YES;
				CLANG_WARN_OBJC_LITERAL_CONVERSION = YES;
				CLANG_WARN_OBJC_ROOT_CLASS = YES_ERROR;
				CLANG_WARN_RANGE_LOOP_ANALYSIS = YES;
				CLANG_WARN_STRICT_PROTOTYPES = YES;
				CLANG_WARN_SUSPICIOUS_MOVE = YES;
				CLANG_WARN_UNGUARDED_AVAILABILITY = YES_AGGRESSIVE;
				CLANG_WARN_UNREACHABLE_CODE = YES;
				CLANG_WARN__DUPLICATE_METHOD_MATCH = YES;
				COPY_PHASE_STRIP = NO;
				DEBUG_INFORMATION_FORMAT = dwarf;
				ENABLE_STRICT_OBJC_MSGSEND = YES;
				ENABLE_TESTABILITY = YES;
				GCC_C_LANGUAGE_STANDARD = gnu11;
				GCC_DYNAMIC_NO_PIC = NO;
				GCC_NO_COMMON_BLOCKS = YES;
				GCC_OPTIMIZATION_LEVEL = 0;
				GCC_PREPROCESSOR_DEFINITIONS = (
					"DEBUG=1",
					"$(inherited)",
				);
				GCC_WARN_64_TO_32_BIT_CONVERSION = YES;
				GCC_WARN_ABOUT_RETURN_TYPE = YES_ERROR;
				GCC_WARN_UNDECLARED_SELECTOR = YES;
				GCC_WARN_UNINITIALIZED_AUTOS = YES_AGGRESSIVE;
				GCC_WARN_UNUSED_FUNCTION = YES;
				GCC_WARN_UNUSED_VARIABLE = YES;
				IPHONEOS_DEPLOYMENT_TARGET = 13.4;
				MTL_ENABLE_DEBUG_INFO = INCLUDE_SOURCE;
				MTL_FAST_MATH = YES;
				ONLY_ACTIVE_ARCH = YES;
				SDKROOT = iphoneos;
				SWIFT_ACTIVE_COMPILATION_CONDITIONS = DEBUG;
				SWIFT_OPTIMIZATION_LEVEL = "-Onone";
			};
			name = Debug;
		};
		EDF55CB624865B71003A023C /* Release */ = {
			isa = XCBuildConfiguration;
			buildSettings = {
				ALWAYS_SEARCH_USER_PATHS = NO;
				CLANG_ANALYZER_NONNULL = YES;
				CLANG_ANALYZER_NUMBER_OBJECT_CONVERSION = YES_AGGRESSIVE;
				CLANG_CXX_LANGUAGE_STANDARD = "gnu++14";
				CLANG_CXX_LIBRARY = "libc++";
				CLANG_ENABLE_MODULES = YES;
				CLANG_ENABLE_OBJC_ARC = YES;
				CLANG_ENABLE_OBJC_WEAK = YES;
				CLANG_WARN_BLOCK_CAPTURE_AUTORELEASING = YES;
				CLANG_WARN_BOOL_CONVERSION = YES;
				CLANG_WARN_COMMA = YES;
				CLANG_WARN_CONSTANT_CONVERSION = YES;
				CLANG_WARN_DEPRECATED_OBJC_IMPLEMENTATIONS = YES;
				CLANG_WARN_DIRECT_OBJC_ISA_USAGE = YES_ERROR;
				CLANG_WARN_DOCUMENTATION_COMMENTS = YES;
				CLANG_WARN_EMPTY_BODY = YES;
				CLANG_WARN_ENUM_CONVERSION = YES;
				CLANG_WARN_INFINITE_RECURSION = YES;
				CLANG_WARN_INT_CONVERSION = YES;
				CLANG_WARN_NON_LITERAL_NULL_CONVERSION = YES;
				CLANG_WARN_OBJC_IMPLICIT_RETAIN_SELF = YES;
				CLANG_WARN_OBJC_LITERAL_CONVERSION = YES;
				CLANG_WARN_OBJC_ROOT_CLASS = YES_ERROR;
				CLANG_WARN_RANGE_LOOP_ANALYSIS = YES;
				CLANG_WARN_STRICT_PROTOTYPES = YES;
				CLANG_WARN_SUSPICIOUS_MOVE = YES;
				CLANG_WARN_UNGUARDED_AVAILABILITY = YES_AGGRESSIVE;
				CLANG_WARN_UNREACHABLE_CODE = YES;
				CLANG_WARN__DUPLICATE_METHOD_MATCH = YES;
				COPY_PHASE_STRIP = NO;
				DEBUG_INFORMATION_FORMAT = "dwarf-with-dsym";
				ENABLE_NS_ASSERTIONS = NO;
				ENABLE_STRICT_OBJC_MSGSEND = YES;
				GCC_C_LANGUAGE_STANDARD = gnu11;
				GCC_NO_COMMON_BLOCKS = YES;
				GCC_WARN_64_TO_32_BIT_CONVERSION = YES;
				GCC_WARN_ABOUT_RETURN_TYPE = YES_ERROR;
				GCC_WARN_UNDECLARED_SELECTOR = YES;
				GCC_WARN_UNINITIALIZED_AUTOS = YES_AGGRESSIVE;
				GCC_WARN_UNUSED_FUNCTION = YES;
				GCC_WARN_UNUSED_VARIABLE = YES;
				IPHONEOS_DEPLOYMENT_TARGET = 13.4;
				MTL_ENABLE_DEBUG_INFO = NO;
				MTL_FAST_MATH = YES;
				SDKROOT = iphoneos;
				SWIFT_COMPILATION_MODE = wholemodule;
				SWIFT_OPTIMIZATION_LEVEL = "-O";
				VALIDATE_PRODUCT = YES;
			};
			name = Release;
		};
		EDF55CB824865B71003A023C /* Debug */ = {
			isa = XCBuildConfiguration;
			buildSettings = {
				ASSETCATALOG_COMPILER_APPICON_NAME = AppIcon;
				CODE_SIGN_STYLE = Automatic;
				DEVELOPMENT_TEAM = THHFHC5J4D;
				INFOPLIST_FILE = "StoreApp-Stripe-Integration/Info.plist";
				IPHONEOS_DEPLOYMENT_TARGET = 13.0;
				LD_RUNPATH_SEARCH_PATHS = (
					"$(inherited)",
					"@executable_path/Frameworks",
				);
				PRODUCT_BUNDLE_IDENTIFIER = "com.leoleljak.StoreApp-Stripe-Integration";
				PRODUCT_NAME = "$(TARGET_NAME)";
				SWIFT_VERSION = 5.0;
				TARGETED_DEVICE_FAMILY = 1;
			};
			name = Debug;
		};
		EDF55CB924865B71003A023C /* Release */ = {
			isa = XCBuildConfiguration;
			buildSettings = {
				ASSETCATALOG_COMPILER_APPICON_NAME = AppIcon;
				CODE_SIGN_STYLE = Automatic;
				DEVELOPMENT_TEAM = THHFHC5J4D;
				INFOPLIST_FILE = "StoreApp-Stripe-Integration/Info.plist";
				IPHONEOS_DEPLOYMENT_TARGET = 13.0;
				LD_RUNPATH_SEARCH_PATHS = (
					"$(inherited)",
					"@executable_path/Frameworks",
				);
				PRODUCT_BUNDLE_IDENTIFIER = "com.leoleljak.StoreApp-Stripe-Integration";
				PRODUCT_NAME = "$(TARGET_NAME)";
				SWIFT_VERSION = 5.0;
				TARGETED_DEVICE_FAMILY = 1;
			};
			name = Release;
		};
/* End XCBuildConfiguration section */

/* Begin XCConfigurationList section */
		EDF55C9E24865B6D003A023C /* Build configuration list for PBXProject "StoreApp-Stripe-Integration" */ = {
			isa = XCConfigurationList;
			buildConfigurations = (
				EDF55CB524865B71003A023C /* Debug */,
				EDF55CB624865B71003A023C /* Release */,
			);
			defaultConfigurationIsVisible = 0;
			defaultConfigurationName = Release;
		};
		EDF55CB724865B71003A023C /* Build configuration list for PBXNativeTarget "StoreApp-Stripe-Integration" */ = {
			isa = XCConfigurationList;
			buildConfigurations = (
				EDF55CB824865B71003A023C /* Debug */,
				EDF55CB924865B71003A023C /* Release */,
			);
			defaultConfigurationIsVisible = 0;
			defaultConfigurationName = Release;
		};
/* End XCConfigurationList section */
	};
	rootObject = EDF55C9B24865B6D003A023C /* Project object */;
}
